// !$*UTF8*$!
{
	archiveVersion = 1;
	classes = {
	};
	objectVersion = 56;
	objects = {

/* Begin PBXBuildFile section */
		3B2884852C29F8FC00A94037 /* ShopMartApp.swift in Sources */ = {isa = PBXBuildFile; fileRef = 3B2884842C29F8FC00A94037 /* ShopMartApp.swift */; };
		3B2884872C29F8FC00A94037 /* ContentView.swift in Sources */ = {isa = PBXBuildFile; fileRef = 3B2884862C29F8FC00A94037 /* ContentView.swift */; };
		3B2884892C29F8FD00A94037 /* Assets.xcassets in Resources */ = {isa = PBXBuildFile; fileRef = 3B2884882C29F8FD00A94037 /* Assets.xcassets */; };
		3B28848C2C29F8FD00A94037 /* Preview Assets.xcassets in Resources */ = {isa = PBXBuildFile; fileRef = 3B28848B2C29F8FD00A94037 /* Preview Assets.xcassets */; };
		3B2884962C29F8FD00A94037 /* ShopMartTests.swift in Sources */ = {isa = PBXBuildFile; fileRef = 3B2884952C29F8FD00A94037 /* ShopMartTests.swift */; };
		3B2884A02C29F8FD00A94037 /* ShopMartUITests.swift in Sources */ = {isa = PBXBuildFile; fileRef = 3B28849F2C29F8FD00A94037 /* ShopMartUITests.swift */; };
		3B2884A22C29F8FD00A94037 /* ShopMartUITestsLaunchTests.swift in Sources */ = {isa = PBXBuildFile; fileRef = 3B2884A12C29F8FD00A94037 /* ShopMartUITestsLaunchTests.swift */; };
/* End PBXBuildFile section */

/* Begin PBXContainerItemProxy section */
		3B2884922C29F8FD00A94037 /* PBXContainerItemProxy */ = {
			isa = PBXContainerItemProxy;
			containerPortal = 3B2884792C29F8FC00A94037 /* Project object */;
			proxyType = 1;
			remoteGlobalIDString = 3B2884802C29F8FC00A94037;
			remoteInfo = ShopMart;
		};
		3B28849C2C29F8FD00A94037 /* PBXContainerItemProxy */ = {
			isa = PBXContainerItemProxy;
			containerPortal = 3B2884792C29F8FC00A94037 /* Project object */;
			proxyType = 1;
			remoteGlobalIDString = 3B2884802C29F8FC00A94037;
			remoteInfo = ShopMart;
		};
/* End PBXContainerItemProxy section */

/* Begin PBXFileReference section */
		3B2884812C29F8FC00A94037 /* ShopMart.app */ = {isa = PBXFileReference; explicitFileType = wrapper.application; includeInIndex = 0; path = ShopMart.app; sourceTree = BUILT_PRODUCTS_DIR; };
		3B2884842C29F8FC00A94037 /* ShopMartApp.swift */ = {isa = PBXFileReference; lastKnownFileType = sourcecode.swift; path = ShopMartApp.swift; sourceTree = "<group>"; };
		3B2884862C29F8FC00A94037 /* ContentView.swift */ = {isa = PBXFileReference; lastKnownFileType = sourcecode.swift; path = ContentView.swift; sourceTree = "<group>"; };
		3B2884882C29F8FD00A94037 /* Assets.xcassets */ = {isa = PBXFileReference; lastKnownFileType = folder.assetcatalog; path = Assets.xcassets; sourceTree = "<group>"; };
		3B28848B2C29F8FD00A94037 /* Preview Assets.xcassets */ = {isa = PBXFileReference; lastKnownFileType = folder.assetcatalog; path = "Preview Assets.xcassets"; sourceTree = "<group>"; };
		3B2884912C29F8FD00A94037 /* ShopMartTests.xctest */ = {isa = PBXFileReference; explicitFileType = wrapper.cfbundle; includeInIndex = 0; path = ShopMartTests.xctest; sourceTree = BUILT_PRODUCTS_DIR; };
		3B2884952C29F8FD00A94037 /* ShopMartTests.swift */ = {isa = PBXFileReference; lastKnownFileType = sourcecode.swift; path = ShopMartTests.swift; sourceTree = "<group>"; };
		3B28849B2C29F8FD00A94037 /* ShopMartUITests.xctest */ = {isa = PBXFileReference; explicitFileType = wrapper.cfbundle; includeInIndex = 0; path = ShopMartUITests.xctest; sourceTree = BUILT_PRODUCTS_DIR; };
		3B28849F2C29F8FD00A94037 /* ShopMartUITests.swift */ = {isa = PBXFileReference; lastKnownFileType = sourcecode.swift; path = ShopMartUITests.swift; sourceTree = "<group>"; };
		3B2884A12C29F8FD00A94037 /* ShopMartUITestsLaunchTests.swift */ = {isa = PBXFileReference; lastKnownFileType = sourcecode.swift; path = ShopMartUITestsLaunchTests.swift; sourceTree = "<group>"; };
/* End PBXFileReference section */

/* Begin PBXFrameworksBuildPhase section */
		3B28847E2C29F8FC00A94037 /* Frameworks */ = {
			isa = PBXFrameworksBuildPhase;
			buildActionMask = 2147483647;
			files = (
			);
			runOnlyForDeploymentPostprocessing = 0;
		};
		3B28848E2C29F8FD00A94037 /* Frameworks */ = {
			isa = PBXFrameworksBuildPhase;
			buildActionMask = 2147483647;
			files = (
			);
			runOnlyForDeploymentPostprocessing = 0;
		};
		3B2884982C29F8FD00A94037 /* Frameworks */ = {
			isa = PBXFrameworksBuildPhase;
			buildActionMask = 2147483647;
			files = (
			);
			runOnlyForDeploymentPostprocessing = 0;
		};
/* End PBXFrameworksBuildPhase section */

/* Begin PBXGroup section */
		3B2884782C29F8FC00A94037 = {
			isa = PBXGroup;
			children = (
				3B2884832C29F8FC00A94037 /* ShopMart */,
				3B2884942C29F8FD00A94037 /* ShopMartTests */,
				3B28849E2C29F8FD00A94037 /* ShopMartUITests */,
				3B2884822C29F8FC00A94037 /* Products */,
			);
			sourceTree = "<group>";
		};
		3B2884822C29F8FC00A94037 /* Products */ = {
			isa = PBXGroup;
			children = (
				3B2884812C29F8FC00A94037 /* ShopMart.app */,
				3B2884912C29F8FD00A94037 /* ShopMartTests.xctest */,
				3B28849B2C29F8FD00A94037 /* ShopMartUITests.xctest */,
			);
			name = Products;
			sourceTree = "<group>";
		};
		3B2884832C29F8FC00A94037 /* ShopMart */ = {
			isa = PBXGroup;
			children = (
				3B2884842C29F8FC00A94037 /* ShopMartApp.swift */,
				3B2884862C29F8FC00A94037 /* ContentView.swift */,
				3B2884882C29F8FD00A94037 /* Assets.xcassets */,
				3B28848A2C29F8FD00A94037 /* Preview Content */,
			);
			path = ShopMart;
			sourceTree = "<group>";
		};
		3B28848A2C29F8FD00A94037 /* Preview Content */ = {
			isa = PBXGroup;
			children = (
				3B28848B2C29F8FD00A94037 /* Preview Assets.xcassets */,
			);
			path = "Preview Content";
			sourceTree = "<group>";
		};
		3B2884942C29F8FD00A94037 /* ShopMartTests */ = {
			isa = PBXGroup;
			children = (
				3B2884952C29F8FD00A94037 /* ShopMartTests.swift */,
			);
			path = ShopMartTests;
			sourceTree = "<group>";
		};
		3B28849E2C29F8FD00A94037 /* ShopMartUITests */ = {
			isa = PBXGroup;
			children = (
				3B28849F2C29F8FD00A94037 /* ShopMartUITests.swift */,
				3B2884A12C29F8FD00A94037 /* ShopMartUITestsLaunchTests.swift */,
			);
			path = ShopMartUITests;
			sourceTree = "<group>";
		};
/* End PBXGroup section */

/* Begin PBXNativeTarget section */
		3B2884802C29F8FC00A94037 /* ShopMart */ = {
			isa = PBXNativeTarget;
			buildConfigurationList = 3B2884A52C29F8FD00A94037 /* Build configuration list for PBXNativeTarget "ShopMart" */;
			buildPhases = (
				3B28847D2C29F8FC00A94037 /* Sources */,
				3B28847E2C29F8FC00A94037 /* Frameworks */,
				3B28847F2C29F8FC00A94037 /* Resources */,
			);
			buildRules = (
			);
			dependencies = (
			);
			name = ShopMart;
			productName = ShopMart;
			productReference = 3B2884812C29F8FC00A94037 /* ShopMart.app */;
			productType = "com.apple.product-type.application";
		};
		3B2884902C29F8FD00A94037 /* ShopMartTests */ = {
			isa = PBXNativeTarget;
			buildConfigurationList = 3B2884A82C29F8FD00A94037 /* Build configuration list for PBXNativeTarget "ShopMartTests" */;
			buildPhases = (
				3B28848D2C29F8FD00A94037 /* Sources */,
				3B28848E2C29F8FD00A94037 /* Frameworks */,
				3B28848F2C29F8FD00A94037 /* Resources */,
			);
			buildRules = (
			);
			dependencies = (
				3B2884932C29F8FD00A94037 /* PBXTargetDependency */,
			);
			name = ShopMartTests;
			productName = ShopMartTests;
			productReference = 3B2884912C29F8FD00A94037 /* ShopMartTests.xctest */;
			productType = "com.apple.product-type.bundle.unit-test";
		};
		3B28849A2C29F8FD00A94037 /* ShopMartUITests */ = {
			isa = PBXNativeTarget;
			buildConfigurationList = 3B2884AB2C29F8FD00A94037 /* Build configuration list for PBXNativeTarget "ShopMartUITests" */;
			buildPhases = (
				3B2884972C29F8FD00A94037 /* Sources */,
				3B2884982C29F8FD00A94037 /* Frameworks */,
				3B2884992C29F8FD00A94037 /* Resources */,
			);
			buildRules = (
			);
			dependencies = (
				3B28849D2C29F8FD00A94037 /* PBXTargetDependency */,
			);
			name = ShopMartUITests;
			productName = ShopMartUITests;
			productReference = 3B28849B2C29F8FD00A94037 /* ShopMartUITests.xctest */;
			productType = "com.apple.product-type.bundle.ui-testing";
		};
/* End PBXNativeTarget section */

/* Begin PBXProject section */
		3B2884792C29F8FC00A94037 /* Project object */ = {
			isa = PBXProject;
			attributes = {
				BuildIndependentTargetsInParallel = 1;
				LastSwiftUpdateCheck = 1540;
				LastUpgradeCheck = 1540;
				TargetAttributes = {
					3B2884802C29F8FC00A94037 = {
						CreatedOnToolsVersion = 15.4;
					};
					3B2884902C29F8FD00A94037 = {
						CreatedOnToolsVersion = 15.4;
						TestTargetID = 3B2884802C29F8FC00A94037;
					};
					3B28849A2C29F8FD00A94037 = {
						CreatedOnToolsVersion = 15.4;
						TestTargetID = 3B2884802C29F8FC00A94037;
					};
				};
			};
			buildConfigurationList = 3B28847C2C29F8FC00A94037 /* Build configuration list for PBXProject "ShopMart" */;
			compatibilityVersion = "Xcode 14.0";
			developmentRegion = en;
			hasScannedForEncodings = 0;
			knownRegions = (
				en,
				Base,
			);
			mainGroup = 3B2884782C29F8FC00A94037;
			productRefGroup = 3B2884822C29F8FC00A94037 /* Products */;
			projectDirPath = "";
			projectRoot = "";
			targets = (
				3B2884802C29F8FC00A94037 /* ShopMart */,
				3B2884902C29F8FD00A94037 /* ShopMartTests */,
				3B28849A2C29F8FD00A94037 /* ShopMartUITests */,
			);
		};
/* End PBXProject section */

/* Begin PBXResourcesBuildPhase section */
		3B28847F2C29F8FC00A94037 /* Resources */ = {
			isa = PBXResourcesBuildPhase;
			buildActionMask = 2147483647;
			files = (
				3B28848C2C29F8FD00A94037 /* Preview Assets.xcassets in Resources */,
				3B2884892C29F8FD00A94037 /* Assets.xcassets in Resources */,
			);
			runOnlyForDeploymentPostprocessing = 0;
		};
		3B28848F2C29F8FD00A94037 /* Resources */ = {
			isa = PBXResourcesBuildPhase;
			buildActionMask = 2147483647;
			files = (
			);
			runOnlyForDeploymentPostprocessing = 0;
		};
		3B2884992C29F8FD00A94037 /* Resources */ = {
			isa = PBXResourcesBuildPhase;
			buildActionMask = 2147483647;
			files = (
			);
			runOnlyForDeploymentPostprocessing = 0;
		};
/* End PBXResourcesBuildPhase section */

/* Begin PBXSourcesBuildPhase section */
		3B28847D2C29F8FC00A94037 /* Sources */ = {
			isa = PBXSourcesBuildPhase;
			buildActionMask = 2147483647;
			files = (
				3B2884872C29F8FC00A94037 /* ContentView.swift in Sources */,
				3B2884852C29F8FC00A94037 /* ShopMartApp.swift in Sources */,
			);
			runOnlyForDeploymentPostprocessing = 0;
		};
		3B28848D2C29F8FD00A94037 /* Sources */ = {
			isa = PBXSourcesBuildPhase;
			buildActionMask = 2147483647;
			files = (
				3B2884962C29F8FD00A94037 /* ShopMartTests.swift in Sources */,
			);
			runOnlyForDeploymentPostprocessing = 0;
		};
		3B2884972C29F8FD00A94037 /* Sources */ = {
			isa = PBXSourcesBuildPhase;
			buildActionMask = 2147483647;
			files = (
				3B2884A22C29F8FD00A94037 /* ShopMartUITestsLaunchTests.swift in Sources */,
				3B2884A02C29F8FD00A94037 /* ShopMartUITests.swift in Sources */,
			);
			runOnlyForDeploymentPostprocessing = 0;
		};
/* End PBXSourcesBuildPhase section */

/* Begin PBXTargetDependency section */
		3B2884932C29F8FD00A94037 /* PBXTargetDependency */ = {
			isa = PBXTargetDependency;
			target = 3B2884802C29F8FC00A94037 /* ShopMart */;
			targetProxy = 3B2884922C29F8FD00A94037 /* PBXContainerItemProxy */;
		};
		3B28849D2C29F8FD00A94037 /* PBXTargetDependency */ = {
			isa = PBXTargetDependency;
			target = 3B2884802C29F8FC00A94037 /* ShopMart */;
			targetProxy = 3B28849C2C29F8FD00A94037 /* PBXContainerItemProxy */;
		};
/* End PBXTargetDependency section */

/* Begin XCBuildConfiguration section */
		3B2884A32C29F8FD00A94037 /* Debug */ = {
			isa = XCBuildConfiguration;
			buildSettings = {
				ALWAYS_SEARCH_USER_PATHS = NO;
				ASSETCATALOG_COMPILER_GENERATE_SWIFT_ASSET_SYMBOL_EXTENSIONS = YES;
				CLANG_ANALYZER_NONNULL = YES;
				CLANG_ANALYZER_NUMBER_OBJECT_CONVERSION = YES_AGGRESSIVE;
				CLANG_CXX_LANGUAGE_STANDARD = "gnu++20";
				CLANG_ENABLE_MODULES = YES;
				CLANG_ENABLE_OBJC_ARC = YES;
				CLANG_ENABLE_OBJC_WEAK = YES;
				CLANG_WARN_BLOCK_CAPTURE_AUTORELEASING = YES;
				CLANG_WARN_BOOL_CONVERSION = YES;
				CLANG_WARN_COMMA = YES;
				CLANG_WARN_CONSTANT_CONVERSION = YES;
				CLANG_WARN_DEPRECATED_OBJC_IMPLEMENTATIONS = YES;
				CLANG_WARN_DIRECT_OBJC_ISA_USAGE = YES_ERROR;
				CLANG_WARN_DOCUMENTATION_COMMENTS = YES;
				CLANG_WARN_EMPTY_BODY = YES;
				CLANG_WARN_ENUM_CONVERSION = YES;
				CLANG_WARN_INFINITE_RECURSION = YES;
				CLANG_WARN_INT_CONVERSION = YES;
				CLANG_WARN_NON_LITERAL_NULL_CONVERSION = YES;
				CLANG_WARN_OBJC_IMPLICIT_RETAIN_SELF = YES;
				CLANG_WARN_OBJC_LITERAL_CONVERSION = YES;
				CLANG_WARN_OBJC_ROOT_CLASS = YES_ERROR;
				CLANG_WARN_QUOTED_INCLUDE_IN_FRAMEWORK_HEADER = YES;
				CLANG_WARN_RANGE_LOOP_ANALYSIS = YES;
				CLANG_WARN_STRICT_PROTOTYPES = YES;
				CLANG_WARN_SUSPICIOUS_MOVE = YES;
				CLANG_WARN_UNGUARDED_AVAILABILITY = YES_AGGRESSIVE;
				CLANG_WARN_UNREACHABLE_CODE = YES;
				CLANG_WARN__DUPLICATE_METHOD_MATCH = YES;
				COPY_PHASE_STRIP = NO;
				DEBUG_INFORMATION_FORMAT = dwarf;
				ENABLE_STRICT_OBJC_MSGSEND = YES;
				ENABLE_TESTABILITY = YES;
				ENABLE_USER_SCRIPT_SANDBOXING = YES;
				GCC_C_LANGUAGE_STANDARD = gnu17;
				GCC_DYNAMIC_NO_PIC = NO;
				GCC_NO_COMMON_BLOCKS = YES;
				GCC_OPTIMIZATION_LEVEL = 0;
				GCC_PREPROCESSOR_DEFINITIONS = (
					"DEBUG=1",
					"$(inherited)",
				);
				GCC_WARN_64_TO_32_BIT_CONVERSION = YES;
				GCC_WARN_ABOUT_RETURN_TYPE = YES_ERROR;
				GCC_WARN_UNDECLARED_SELECTOR = YES;
				GCC_WARN_UNINITIALIZED_AUTOS = YES_AGGRESSIVE;
				GCC_WARN_UNUSED_FUNCTION = YES;
				GCC_WARN_UNUSED_VARIABLE = YES;
				IPHONEOS_DEPLOYMENT_TARGET = 17.5;
				LOCALIZATION_PREFERS_STRING_CATALOGS = YES;
				MTL_ENABLE_DEBUG_INFO = INCLUDE_SOURCE;
				MTL_FAST_MATH = YES;
				ONLY_ACTIVE_ARCH = YES;
				SDKROOT = iphoneos;
				SWIFT_ACTIVE_COMPILATION_CONDITIONS = "DEBUG $(inherited)";
				SWIFT_OPTIMIZATION_LEVEL = "-Onone";
			};
			name = Debug;
		};
		3B2884A42C29F8FD00A94037 /* Release */ = {
			isa = XCBuildConfiguration;
			buildSettings = {
				ALWAYS_SEARCH_USER_PATHS = NO;
				ASSETCATALOG_COMPILER_GENERATE_SWIFT_ASSET_SYMBOL_EXTENSIONS = YES;
				CLANG_ANALYZER_NONNULL = YES;
				CLANG_ANALYZER_NUMBER_OBJECT_CONVERSION = YES_AGGRESSIVE;
				CLANG_CXX_LANGUAGE_STANDARD = "gnu++20";
				CLANG_ENABLE_MODULES = YES;
				CLANG_ENABLE_OBJC_ARC = YES;
				CLANG_ENABLE_OBJC_WEAK = YES;
				CLANG_WARN_BLOCK_CAPTURE_AUTORELEASING = YES;
				CLANG_WARN_BOOL_CONVERSION = YES;
				CLANG_WARN_COMMA = YES;
				CLANG_WARN_CONSTANT_CONVERSION = YES;
				CLANG_WARN_DEPRECATED_OBJC_IMPLEMENTATIONS = YES;
				CLANG_WARN_DIRECT_OBJC_ISA_USAGE = YES_ERROR;
				CLANG_WARN_DOCUMENTATION_COMMENTS = YES;
				CLANG_WARN_EMPTY_BODY = YES;
				CLANG_WARN_ENUM_CONVERSION = YES;
				CLANG_WARN_INFINITE_RECURSION = YES;
				CLANG_WARN_INT_CONVERSION = YES;
				CLANG_WARN_NON_LITERAL_NULL_CONVERSION = YES;
				CLANG_WARN_OBJC_IMPLICIT_RETAIN_SELF = YES;
				CLANG_WARN_OBJC_LITERAL_CONVERSION = YES;
				CLANG_WARN_OBJC_ROOT_CLASS = YES_ERROR;
				CLANG_WARN_QUOTED_INCLUDE_IN_FRAMEWORK_HEADER = YES;
				CLANG_WARN_RANGE_LOOP_ANALYSIS = YES;
				CLANG_WARN_STRICT_PROTOTYPES = YES;
				CLANG_WARN_SUSPICIOUS_MOVE = YES;
				CLANG_WARN_UNGUARDED_AVAILABILITY = YES_AGGRESSIVE;
				CLANG_WARN_UNREACHABLE_CODE = YES;
				CLANG_WARN__DUPLICATE_METHOD_MATCH = YES;
				COPY_PHASE_STRIP = NO;
				DEBUG_INFORMATION_FORMAT = "dwarf-with-dsym";
				ENABLE_NS_ASSERTIONS = NO;
				ENABLE_STRICT_OBJC_MSGSEND = YES;
				ENABLE_USER_SCRIPT_SANDBOXING = YES;
				GCC_C_LANGUAGE_STANDARD = gnu17;
				GCC_NO_COMMON_BLOCKS = YES;
				GCC_WARN_64_TO_32_BIT_CONVERSION = YES;
				GCC_WARN_ABOUT_RETURN_TYPE = YES_ERROR;
				GCC_WARN_UNDECLARED_SELECTOR = YES;
				GCC_WARN_UNINITIALIZED_AUTOS = YES_AGGRESSIVE;
				GCC_WARN_UNUSED_FUNCTION = YES;
				GCC_WARN_UNUSED_VARIABLE = YES;
				IPHONEOS_DEPLOYMENT_TARGET = 17.5;
				LOCALIZATION_PREFERS_STRING_CATALOGS = YES;
				MTL_ENABLE_DEBUG_INFO = NO;
				MTL_FAST_MATH = YES;
				SDKROOT = iphoneos;
				SWIFT_COMPILATION_MODE = wholemodule;
				VALIDATE_PRODUCT = YES;
			};
			name = Release;
		};
		3B2884A62C29F8FD00A94037 /* Debug */ = {
			isa = XCBuildConfiguration;
			buildSettings = {
				ASSETCATALOG_COMPILER_APPICON_NAME = AppIcon;
				ASSETCATALOG_COMPILER_GLOBAL_ACCENT_COLOR_NAME = AccentColor;
				CODE_SIGN_STYLE = Automatic;
				CURRENT_PROJECT_VERSION = 1;
				DEVELOPMENT_ASSET_PATHS = "\"ShopMart/Preview Content\"";
				DEVELOPMENT_TEAM = 8FW8WL5PNC;
				ENABLE_PREVIEWS = YES;
				GENERATE_INFOPLIST_FILE = YES;
				INFOPLIST_KEY_UIApplicationSceneManifest_Generation = YES;
				INFOPLIST_KEY_UIApplicationSupportsIndirectInputEvents = YES;
				INFOPLIST_KEY_UILaunchScreen_Generation = YES;
				INFOPLIST_KEY_UISupportedInterfaceOrientations_iPad = "UIInterfaceOrientationPortrait UIInterfaceOrientationPortraitUpsideDown UIInterfaceOrientationLandscapeLeft UIInterfaceOrientationLandscapeRight";
				INFOPLIST_KEY_UISupportedInterfaceOrientations_iPhone = "UIInterfaceOrientationPortrait UIInterfaceOrientationLandscapeLeft UIInterfaceOrientationLandscapeRight";
				LD_RUNPATH_SEARCH_PATHS = (
					"$(inherited)",
					"@executable_path/Frameworks",
				);
				MARKETING_VERSION = 1.0;
				PRODUCT_BUNDLE_IDENTIFIER = com.mahiti.ShopMart;
				PRODUCT_NAME = "$(TARGET_NAME)";
				SWIFT_EMIT_LOC_STRINGS = YES;
				SWIFT_VERSION = 5.0;
				TARGETED_DEVICE_FAMILY = "1,2";
			};
			name = Debug;
		};
		3B2884A72C29F8FD00A94037 /* Release */ = {
			isa = XCBuildConfiguration;
			buildSettings = {
				ASSETCATALOG_COMPILER_APPICON_NAME = AppIcon;
				ASSETCATALOG_COMPILER_GLOBAL_ACCENT_COLOR_NAME = AccentColor;
				CODE_SIGN_STYLE = Automatic;
				CURRENT_PROJECT_VERSION = 1;
				DEVELOPMENT_ASSET_PATHS = "\"ShopMart/Preview Content\"";
				DEVELOPMENT_TEAM = 8FW8WL5PNC;
				ENABLE_PREVIEWS = YES;
				GENERATE_INFOPLIST_FILE = YES;
				INFOPLIST_KEY_UIApplicationSceneManifest_Generation = YES;
				INFOPLIST_KEY_UIApplicationSupportsIndirectInputEvents = YES;
				INFOPLIST_KEY_UILaunchScreen_Generation = YES;
				INFOPLIST_KEY_UISupportedInterfaceOrientations_iPad = "UIInterfaceOrientationPortrait UIInterfaceOrientationPortraitUpsideDown UIInterfaceOrientationLandscapeLeft UIInterfaceOrientationLandscapeRight";
				INFOPLIST_KEY_UISupportedInterfaceOrientations_iPhone = "UIInterfaceOrientationPortrait UIInterfaceOrientationLandscapeLeft UIInterfaceOrientationLandscapeRight";
				LD_RUNPATH_SEARCH_PATHS = (
					"$(inherited)",
					"@executable_path/Frameworks",
				);
				MARKETING_VERSION = 1.0;
				PRODUCT_BUNDLE_IDENTIFIER = com.mahiti.ShopMart;
				PRODUCT_NAME = "$(TARGET_NAME)";
				SWIFT_EMIT_LOC_STRINGS = YES;
				SWIFT_VERSION = 5.0;
				TARGETED_DEVICE_FAMILY = "1,2";
			};
			name = Release;
		};
		3B2884A92C29F8FD00A94037 /* Debug */ = {
			isa = XCBuildConfiguration;
			buildSettings = {
				ALWAYS_EMBED_SWIFT_STANDARD_LIBRARIES = YES;
				BUNDLE_LOADER = "$(TEST_HOST)";
				CODE_SIGN_STYLE = Automatic;
				CURRENT_PROJECT_VERSION = 1;
				DEVELOPMENT_TEAM = 8FW8WL5PNC;
				GENERATE_INFOPLIST_FILE = YES;
				IPHONEOS_DEPLOYMENT_TARGET = 17.5;
				MARKETING_VERSION = 1.0;
				PRODUCT_BUNDLE_IDENTIFIER = com.mahiti.ShopMartTests;
				PRODUCT_NAME = "$(TARGET_NAME)";
				SWIFT_EMIT_LOC_STRINGS = NO;
				SWIFT_VERSION = 5.0;
				TARGETED_DEVICE_FAMILY = "1,2";
				TEST_HOST = "$(BUILT_PRODUCTS_DIR)/ShopMart.app/$(BUNDLE_EXECUTABLE_FOLDER_PATH)/ShopMart";
			};
			name = Debug;
		};
		3B2884AA2C29F8FD00A94037 /* Release */ = {
			isa = XCBuildConfiguration;
			buildSettings = {
				ALWAYS_EMBED_SWIFT_STANDARD_LIBRARIES = YES;
				BUNDLE_LOADER = "$(TEST_HOST)";
				CODE_SIGN_STYLE = Automatic;
				CURRENT_PROJECT_VERSION = 1;
				DEVELOPMENT_TEAM = 8FW8WL5PNC;
				GENERATE_INFOPLIST_FILE = YES;
				IPHONEOS_DEPLOYMENT_TARGET = 17.5;
				MARKETING_VERSION = 1.0;
				PRODUCT_BUNDLE_IDENTIFIER = com.mahiti.ShopMartTests;
				PRODUCT_NAME = "$(TARGET_NAME)";
				SWIFT_EMIT_LOC_STRINGS = NO;
				SWIFT_VERSION = 5.0;
				TARGETED_DEVICE_FAMILY = "1,2";
				TEST_HOST = "$(BUILT_PRODUCTS_DIR)/ShopMart.app/$(BUNDLE_EXECUTABLE_FOLDER_PATH)/ShopMart";
			};
			name = Release;
		};
		3B2884AC2C29F8FD00A94037 /* Debug */ = {
			isa = XCBuildConfiguration;
			buildSettings = {
				ALWAYS_EMBED_SWIFT_STANDARD_LIBRARIES = YES;
				CODE_SIGN_STYLE = Automatic;
				CURRENT_PROJECT_VERSION = 1;
				DEVELOPMENT_TEAM = 8FW8WL5PNC;
				GENERATE_INFOPLIST_FILE = YES;
				MARKETING_VERSION = 1.0;
				PRODUCT_BUNDLE_IDENTIFIER = com.mahiti.ShopMartUITests;
				PRODUCT_NAME = "$(TARGET_NAME)";
				SWIFT_EMIT_LOC_STRINGS = NO;
				SWIFT_VERSION = 5.0;
				TARGETED_DEVICE_FAMILY = "1,2";
				TEST_TARGET_NAME = ShopMart;
			};
			name = Debug;
		};
		3B2884AD2C29F8FD00A94037 /* Release */ = {
			isa = XCBuildConfiguration;
			buildSettings = {
				ALWAYS_EMBED_SWIFT_STANDARD_LIBRARIES = YES;
				CODE_SIGN_STYLE = Automatic;
				CURRENT_PROJECT_VERSION = 1;
				DEVELOPMENT_TEAM = 8FW8WL5PNC;
				GENERATE_INFOPLIST_FILE = YES;
				MARKETING_VERSION = 1.0;
				PRODUCT_BUNDLE_IDENTIFIER = com.mahiti.ShopMartUITests;
				PRODUCT_NAME = "$(TARGET_NAME)";
				SWIFT_EMIT_LOC_STRINGS = NO;
				SWIFT_VERSION = 5.0;
				TARGETED_DEVICE_FAMILY = "1,2";
				TEST_TARGET_NAME = ShopMart;
			};
			name = Release;
		};
/* End XCBuildConfiguration section */

/* Begin XCConfigurationList section */
		3B28847C2C29F8FC00A94037 /* Build configuration list for PBXProject "ShopMart" */ = {
			isa = XCConfigurationList;
			buildConfigurations = (
				3B2884A32C29F8FD00A94037 /* Debug */,
				3B2884A42C29F8FD00A94037 /* Release */,
			);
			defaultConfigurationIsVisible = 0;
			defaultConfigurationName = Release;
		};
		3B2884A52C29F8FD00A94037 /* Build configuration list for PBXNativeTarget "ShopMart" */ = {
			isa = XCConfigurationList;
			buildConfigurations = (
				3B2884A62C29F8FD00A94037 /* Debug */,
				3B2884A72C29F8FD00A94037 /* Release */,
			);
			defaultConfigurationIsVisible = 0;
			defaultConfigurationName = Release;
		};
		3B2884A82C29F8FD00A94037 /* Build configuration list for PBXNativeTarget "ShopMartTests" */ = {
			isa = XCConfigurationList;
			buildConfigurations = (
				3B2884A92C29F8FD00A94037 /* Debug */,
				3B2884AA2C29F8FD00A94037 /* Release */,
			);
			defaultConfigurationIsVisible = 0;
			defaultConfigurationName = Release;
		};
		3B2884AB2C29F8FD00A94037 /* Build configuration list for PBXNativeTarget "ShopMartUITests" */ = {
			isa = XCConfigurationList;
			buildConfigurations = (
				3B2884AC2C29F8FD00A94037 /* Debug */,
				3B2884AD2C29F8FD00A94037 /* Release */,
			);
			defaultConfigurationIsVisible = 0;
			defaultConfigurationName = Release;
		};
/* End XCConfigurationList section */
	};
	rootObject = 3B2884792C29F8FC00A94037 /* Project object */;
}
